[ "cowboy": {:git, "git://github.com/extend/cowboy.git", "ddefa33a38e045d1359149f911359343105a0ce0", []},
  "dynamo": {:git, "git://github.com/elixir-lang/dynamo.git", "541ec3b34278fb0a4a0dcc127d80630d6300fe9a", []},
  "elixir-date": {:git, "git://github.com/alco/elixir-datetime.git", "3d281426bfef8c771de34850def4dec2b52db05f", []},
  "ex_doc": {:git, "https://github.com/elixir-lang/ex_doc.git", "4bc1e9af619fd98e51479cbe09157ff831b0d4e1", []},
  "exdocker": {:git, "git://github.com/azukiapp/exdocker.git", "45636328f73deaf4f8193a1d7d4d4709bc3c6e0d", []},
  "exlager": {:git, "git://github.com/azukiapp/exlager.git", "325c6a9ca60efc2351036bdb945435d8fcf9eb9c", []},
  "goldrush": {:git, "git://github.com/DeadZen/goldrush.git", "879c69874a555b2c13498aa4a3da6f6bbbb6a031", [{:tag, "879c69874a"}]},
  "hackney": {:git, "https://github.com/benoitc/hackney.git", "6f9b403602371bc3d4aa0b67b1e253b105075bcf", []},
  "httpotion": {:git, "git://github.com/myfreeweb/httpotion.git", "bc4f83ed0e433db3e1f7dbfb6377210990a35635", [{:branch, "master"}]},
  "ibrowse": {:git, "git://github.com/cmullaparthi/ibrowse.git", "208277b69fa9cc1b68f37d1261a77abe6487a677", []},
  "jsx": {:git, "git://github.com/talentdeficit/jsx.git", "352d6b21cbec4fe1b66bc7ce3ded67a3b32add2c", []},
  "lager": {:git, "https://github.com/basho/lager.git", "9b9e53f81c3659e86c99fdc0e5e56ade5d67cb58", []},
  "lexthink": {:git, "git://github.com/azukiapp/lexthink.git", "39e92eb3706251114a77db789a0439086d51f573", [{:branch, "add_filter"}]},
  "meck": {:git, "https://github.com/eproxus/meck", "161e240166a0d20e9ffa2be5d0bfa6a981f12aef", [{:branch, "master"}]},
  "mimetypes": {:git, "git://github.com/spawngrid/mimetypes.git", "47d37a977a7d633199822bf6b08353007483d00f", []},
  "mix_protobuffs": {:git, "git://github.com/nuxlli/mix_protobuffs.git", "79f6982f26603fa433308c5bcc1c8e2273b93e60", [{:branch, "fixing_output_ebin"}]},
  "protobuffs": {:git, "git://github.com/basho/erlang_protobuffs.git", "d64ada24cf0479bcf3358bd67b3fb3d654ae1990", []},
  "ranch": {:git, "git://github.com/extend/ranch.git", "4f70a16bbe08e446e8fec248ca345d5f8e7df038", [{:ref, "0.8.4"}]},
  "uuid": {:git, "git://github.com/avtobiff/erlang-uuid.git", "d7f64acd8412b79e854b8c95f4c66d8e071de8d9", [{:tag, "v0.4.4"}]} ]
