[ "cowboy": {:git, "git://github.com/extend/cowboy.git", "39caf34fe3bc0a3c89ac8a06428542555f8e13c1", []},
  "dynamo": {:git, "git://github.com/elixir-lang/dynamo.git", "fb99b0b240b220dd5ae1ae76084fea602bc7df36", []},
  "ex_doc": {:git, "https://github.com/elixir-lang/ex_doc.git", "4bc1e9af619fd98e51479cbe09157ff831b0d4e1", []},
  "exlager": {:git, "git://github.com/azukiapp/exlager.git", "325c6a9ca60efc2351036bdb945435d8fcf9eb9c", []},
  "goldrush": {:git, "git://github.com/DeadZen/goldrush.git", "879c69874a555b2c13498aa4a3da6f6bbbb6a031", [tag: "879c69874a"]},
  "hackney": {:git, "https://github.com/benoitc/hackney.git", "6f9b403602371bc3d4aa0b67b1e253b105075bcf", []},
  "jsx": {:git, "git://github.com/talentdeficit/jsx.git", "352d6b21cbec4fe1b66bc7ce3ded67a3b32add2c", []},
  "lager": {:git, "https://github.com/basho/lager.git", "9b9e53f81c3659e86c99fdc0e5e56ade5d67cb58", []},
  "lethink": {:git, "git://github.com/taybin/lethink.git", "a12d46be1855e40faee5b31639a30a8c494cbe21", []},
  "meck": {:git, "https://github.com/eproxus/meck", "161e240166a0d20e9ffa2be5d0bfa6a981f12aef", [branch: "master"]},
  "mimetypes": {:git, "git://github.com/spawngrid/mimetypes.git", "47d37a977a7d633199822bf6b08353007483d00f", []},
  "protobuffs": {:git, "https://github.com/basho/erlang_protobuffs", "f90e025518bdfbe48d6303c6aa5101297c56fb7b", [ref: "master"]},
  "ranch": {:git, "git://github.com/extend/ranch.git", "4f70a16bbe08e446e8fec248ca345d5f8e7df038", [ref: "0.8.4"]} ]
