[ "cowboy": {:git,"git://github.com/extend/cowboy.git","6e33274c852f60eccbdc610b0525c3541d36aa89",[]},
  "dynamo": {:git,"git://github.com/elixir-lang/dynamo.git","e03ff7d50b2b220121a2a30b0bde42faeaca5e07",[]},
  "ex_doc": {:git,"https://github.com/elixir-lang/ex_doc.git","4bc1e9af619fd98e51479cbe09157ff831b0d4e1",[]},
  "exlager": {:git,"git://github.com/khia/exlager.git","f8dd0715d7668290d7d02a4517acfee4e8be885c",[]},
  "goldrush": {:git,"git://github.com/DeadZen/goldrush.git","879c69874a555b2c13498aa4a3da6f6bbbb6a031",[tag: "879c69874a"]},
  "hackney": {:git,"https://github.com/benoitc/hackney.git","6f9b403602371bc3d4aa0b67b1e253b105075bcf",[]},
  "jsx": {:git,"git://github.com/talentdeficit/jsx.git","352d6b21cbec4fe1b66bc7ce3ded67a3b32add2c",[]},
  "lager": {:git,"https://github.com/basho/lager.git","9b9e53f81c3659e86c99fdc0e5e56ade5d67cb58",[]},
  "lethink": {:git,"git://github.com/taybin/lethink.git","a12d46be1855e40faee5b31639a30a8c494cbe21",[]},
  "meck": {:git,"https://github.com/eproxus/meck","161e240166a0d20e9ffa2be5d0bfa6a981f12aef",[branch: "master"]},
  "mimetypes": {:git,"git://github.com/spawngrid/mimetypes.git","e9dfab5aec98963589ecf13bdfcf0490667a730d",[]},
  "protobuffs": {:git,"https://github.com/basho/erlang_protobuffs","f90e025518bdfbe48d6303c6aa5101297c56fb7b",[ref: "master"]},
  "ranch": {:git,"git://github.com/extend/ranch.git","935c7c94673027c3940a771c6e8b32f77152f1c9",[ref: "0.8.2"]} ]
